
Microsoft Visual Studio Solution File, Format Version 12.00
# Visual Studio Version 17
VisualStudioVersion = 17.3.32811.315
MinimumVisualStudioVersion = 10.0.40219.1
Project("{FAE04EC0-301F-11D3-BF4B-00C04F79EFBC}") = "ETickets", "ETickets.csproj", "{2286D648-893C-4635-B0BC-BD2801D9BBAB}"
EndProject
Global
	GlobalSection(SolutionConfigurationPlatforms) = preSolution
		Debug|Any CPU = Debug|Any CPU
		Release|Any CPU = Release|Any CPU
	EndGlobalSection
	GlobalSection(ProjectConfigurationPlatforms) = postSolution
		{2286D648-893C-4635-B0BC-BD2801D9BBAB}.Debug|Any CPU.ActiveCfg = Debug|Any CPU
		{2286D648-893C-4635-B0BC-BD2801D9BBAB}.Debug|Any CPU.Build.0 = Debug|Any CPU
		{2286D648-893C-4635-B0BC-BD2801D9BBAB}.Release|Any CPU.ActiveCfg = Release|Any CPU
		{2286D648-893C-4635-B0BC-BD2801D9BBAB}.Release|Any CPU.Build.0 = Release|Any CPU
	EndGlobalSection
	GlobalSection(SolutionProperties) = preSolution
		HideSolutionNode = FALSE
	EndGlobalSection
	GlobalSection(ExtensibilityGlobals) = postSolution
		SolutionGuid = {10FCA232-9EB2-4D0F-BEA5-0AB6103A20B0}
	EndGlobalSection
EndGlobal
